
Microsoft Visual Studio Solution File, Format Version 12.00
# Visual Studio Version 16
VisualStudioVersion = 16.0.31129.286
MinimumVisualStudioVersion = 10.0.40219.1
Project("{FAE04EC0-301F-11D3-BF4B-00C04F79EFBC}") = "Snake", "Snake.csproj", "{27EDCE4D-5D97-475C-ADDF-E278B76119E9}"
EndProject
Global
	GlobalSection(SolutionConfigurationPlatforms) = preSolution
		Debug|Any CPU = Debug|Any CPU
		Release|Any CPU = Release|Any CPU
	EndGlobalSection
	GlobalSection(ProjectConfigurationPlatforms) = postSolution
		{27EDCE4D-5D97-475C-ADDF-E278B76119E9}.Debug|Any CPU.ActiveCfg = Debug|Any CPU
		{27EDCE4D-5D97-475C-ADDF-E278B76119E9}.Debug|Any CPU.Build.0 = Debug|Any CPU
		{27EDCE4D-5D97-475C-ADDF-E278B76119E9}.Release|Any CPU.ActiveCfg = Release|Any CPU
		{27EDCE4D-5D97-475C-ADDF-E278B76119E9}.Release|Any CPU.Build.0 = Release|Any CPU
	EndGlobalSection
	GlobalSection(SolutionProperties) = preSolution
		HideSolutionNode = FALSE
	EndGlobalSection
	GlobalSection(ExtensibilityGlobals) = postSolution
		SolutionGuid = {4843E53C-FC4F-47D0-95D0-BF011CBAB029}
	EndGlobalSection
EndGlobal
